
Microsoft Visual Studio Solution File, Format Version 12.00
# Visual Studio Version 17
VisualStudioVersion = 17.12.35707.178 d17.12
MinimumVisualStudioVersion = 10.0.40219.1
Project("{FAE04EC0-301F-11D3-BF4B-00C04F79EFBC}") = "Assigment3Dotnet", "Assigment3Dotnet\Assigment3Dotnet.csproj", "{3286C00C-F4C8-4827-8D66-8FAEA7A9A25F}"
EndProject
Project("{FAE04EC0-301F-11D3-BF4B-00C04F79EFBC}") = "StringCompressionTest", "StringCompressionTest\StringCompressionTest.csproj", "{C93BAA42-36BD-43DA-AE65-129522FFBA45}"
EndProject
Global
	GlobalSection(SolutionConfigurationPlatforms) = preSolution
		Debug|Any CPU = Debug|Any CPU
		Release|Any CPU = Release|Any CPU
	EndGlobalSection
	GlobalSection(ProjectConfigurationPlatforms) = postSolution
		{3286C00C-F4C8-4827-8D66-8FAEA7A9A25F}.Debug|Any CPU.ActiveCfg = Debug|Any CPU
		{3286C00C-F4C8-4827-8D66-8FAEA7A9A25F}.Debug|Any CPU.Build.0 = Debug|Any CPU
		{3286C00C-F4C8-4827-8D66-8FAEA7A9A25F}.Release|Any CPU.ActiveCfg = Release|Any CPU
		{3286C00C-F4C8-4827-8D66-8FAEA7A9A25F}.Release|Any CPU.Build.0 = Release|Any CPU
		{C93BAA42-36BD-43DA-AE65-129522FFBA45}.Debug|Any CPU.ActiveCfg = Debug|Any CPU
		{C93BAA42-36BD-43DA-AE65-129522FFBA45}.Debug|Any CPU.Build.0 = Debug|Any CPU
		{C93BAA42-36BD-43DA-AE65-129522FFBA45}.Release|Any CPU.ActiveCfg = Release|Any CPU
		{C93BAA42-36BD-43DA-AE65-129522FFBA45}.Release|Any CPU.Build.0 = Release|Any CPU
	EndGlobalSection
	GlobalSection(SolutionProperties) = preSolution
		HideSolutionNode = FALSE
	EndGlobalSection
EndGlobal
